
Microsoft Visual Studio Solution File, Format Version 12.00
# Visual Studio Version 17
VisualStudioVersion = 17.0.32112.339
MinimumVisualStudioVersion = 10.0.40219.1
Project("{8BC9CEB8-8B4A-11D0-8D11-00A0C91BC942}") = "2-42", "2-42.vcxproj", "{646FC81A-0F1E-4E5E-A51E-2C397AE3AAB6}"
EndProject
Global
	GlobalSection(SolutionConfigurationPlatforms) = preSolution
		Debug|x64 = Debug|x64
		Debug|x86 = Debug|x86
		Release|x64 = Release|x64
		Release|x86 = Release|x86
	EndGlobalSection
	GlobalSection(ProjectConfigurationPlatforms) = postSolution
		{646FC81A-0F1E-4E5E-A51E-2C397AE3AAB6}.Debug|x64.ActiveCfg = Debug|x64
		{646FC81A-0F1E-4E5E-A51E-2C397AE3AAB6}.Debug|x64.Build.0 = Debug|x64
		{646FC81A-0F1E-4E5E-A51E-2C397AE3AAB6}.Debug|x86.ActiveCfg = Debug|Win32
		{646FC81A-0F1E-4E5E-A51E-2C397AE3AAB6}.Debug|x86.Build.0 = Debug|Win32
		{646FC81A-0F1E-4E5E-A51E-2C397AE3AAB6}.Release|x64.ActiveCfg = Release|x64
		{646FC81A-0F1E-4E5E-A51E-2C397AE3AAB6}.Release|x64.Build.0 = Release|x64
		{646FC81A-0F1E-4E5E-A51E-2C397AE3AAB6}.Release|x86.ActiveCfg = Release|Win32
		{646FC81A-0F1E-4E5E-A51E-2C397AE3AAB6}.Release|x86.Build.0 = Release|Win32
	EndGlobalSection
	GlobalSection(SolutionProperties) = preSolution
		HideSolutionNode = FALSE
	EndGlobalSection
	GlobalSection(ExtensibilityGlobals) = postSolution
		SolutionGuid = {DE7C0BA2-4EC2-46B0-864E-BE104EC83031}
	EndGlobalSection
EndGlobal
